
Microsoft Visual Studio Solution File, Format Version 12.00
# Visual Studio 15
VisualStudioVersion = 15.0.27130.2020
MinimumVisualStudioVersion = 10.0.40219.1
Project("{8BC9CEB8-8B4A-11D0-8D11-00A0C91BC942}") = "MS3", "MS3.vcxproj", "{A87A3E39-D9DD-44D8-A0BC-2F20E27025B0}"
EndProject
Global
	GlobalSection(SolutionConfigurationPlatforms) = preSolution
		Debug|x86 = Debug|x86
		Release|x86 = Release|x86
	EndGlobalSection
	GlobalSection(ProjectConfigurationPlatforms) = postSolution
		{A87A3E39-D9DD-44D8-A0BC-2F20E27025B0}.Debug|x86.ActiveCfg = Debug|Win32
		{A87A3E39-D9DD-44D8-A0BC-2F20E27025B0}.Debug|x86.Build.0 = Debug|Win32
		{A87A3E39-D9DD-44D8-A0BC-2F20E27025B0}.Release|x86.ActiveCfg = Release|Win32
		{A87A3E39-D9DD-44D8-A0BC-2F20E27025B0}.Release|x86.Build.0 = Release|Win32
	EndGlobalSection
	GlobalSection(SolutionProperties) = preSolution
		HideSolutionNode = FALSE
	EndGlobalSection
	GlobalSection(ExtensibilityGlobals) = postSolution
		SolutionGuid = {90C7B53C-E77A-4E16-92BB-8F21931630D2}
	EndGlobalSection
EndGlobal
